{
    "name": "@hotsuop/codestats",
    "version": "1.0.1",
    "lockfileVersion": 3,
    "requires": true,
    "packages": {
        "": {
            "name": "@hotsuop/codestats",
            "version": "1.0.1",
            "license": "MIT",
            "dependencies": {
                "@hotsuop/codestats": "^1.0.1",
                "fs": "^0.0.1-security"
            }
        },
        "node_modules/@hotsuop/codestats": {
            "version": "1.0.1",
            "resolved": "https://registry.npmjs.org/@hotsuop/codestats/-/codestats-1.0.1.tgz",
            "integrity": "sha512-KKm4jUdxMA2d8FPo0usG6xGNf1Z7MjcuXThpBWtICEYBWQG5QdEWhL2gfY7FgfiHBOs2yRWUiPV7ROXw8ZQeiQ==",
            "dependencies": {
                "@hotsuop/codestats": "^1.0.0",
                "fs": "^0.0.1-security"
            }
        },
        "node_modules/fs": {
            "version": "0.0.1-security",
            "resolved": "https://registry.npmjs.org/fs/-/fs-0.0.1-security.tgz",
            "integrity": "sha512-3XY9e1pP0CVEUCdj5BmfIZxRBTSDycnbqhIOGec9QYtmVH2fbLpj86CFWkrNOkt/Fvty4KZG5lTglL9j/gJ87w=="
        }
    }
}
